
Microsoft Visual Studio Solution File, Format Version 12.00
# Visual Studio Express 15 for Windows Desktop
VisualStudioVersion = 15.0.28307.572
MinimumVisualStudioVersion = 10.0.40219.1
Project("{FAE04EC0-301F-11D3-BF4B-00C04F79EFBC}") = "CodeBlogFitness.BL", "CodeBlogFitness.BL\CodeBlogFitness.BL.csproj", "{24978F4E-0892-4780-9686-0DD37BE6216B}"
EndProject
Project("{FAE04EC0-301F-11D3-BF4B-00C04F79EFBC}") = "CodeBlogFitness.CMD", "CodeBlogFitness.CMD\CodeBlogFitness.CMD.csproj", "{22F85182-A525-408C-A371-55DDA5AF8833}"
EndProject
Project("{FAE04EC0-301F-11D3-BF4B-00C04F79EFBC}") = "CodeBlogFitness.BLTests", "CodeBlogFitness.BLTests\CodeBlogFitness.BLTests.csproj", "{F5CC66F9-657E-47FE-AF53-B9161EF58CF8}"
EndProject
Global
	GlobalSection(SolutionConfigurationPlatforms) = preSolution
		Debug|Any CPU = Debug|Any CPU
		Release|Any CPU = Release|Any CPU
	EndGlobalSection
	GlobalSection(ProjectConfigurationPlatforms) = postSolution
		{24978F4E-0892-4780-9686-0DD37BE6216B}.Debug|Any CPU.ActiveCfg = Debug|Any CPU
		{24978F4E-0892-4780-9686-0DD37BE6216B}.Debug|Any CPU.Build.0 = Debug|Any CPU
		{24978F4E-0892-4780-9686-0DD37BE6216B}.Release|Any CPU.ActiveCfg = Release|Any CPU
		{24978F4E-0892-4780-9686-0DD37BE6216B}.Release|Any CPU.Build.0 = Release|Any CPU
		{22F85182-A525-408C-A371-55DDA5AF8833}.Debug|Any CPU.ActiveCfg = Debug|Any CPU
		{22F85182-A525-408C-A371-55DDA5AF8833}.Debug|Any CPU.Build.0 = Debug|Any CPU
		{22F85182-A525-408C-A371-55DDA5AF8833}.Release|Any CPU.ActiveCfg = Release|Any CPU
		{22F85182-A525-408C-A371-55DDA5AF8833}.Release|Any CPU.Build.0 = Release|Any CPU
		{F5CC66F9-657E-47FE-AF53-B9161EF58CF8}.Debug|Any CPU.ActiveCfg = Debug|Any CPU
		{F5CC66F9-657E-47FE-AF53-B9161EF58CF8}.Debug|Any CPU.Build.0 = Debug|Any CPU
		{F5CC66F9-657E-47FE-AF53-B9161EF58CF8}.Release|Any CPU.ActiveCfg = Release|Any CPU
		{F5CC66F9-657E-47FE-AF53-B9161EF58CF8}.Release|Any CPU.Build.0 = Release|Any CPU
	EndGlobalSection
	GlobalSection(SolutionProperties) = preSolution
		HideSolutionNode = FALSE
	EndGlobalSection
	GlobalSection(ExtensibilityGlobals) = postSolution
		SolutionGuid = {193E96AB-32F5-4AE8-BED1-B9201E571755}
	EndGlobalSection
EndGlobal
